
Microsoft Visual Studio Solution File, Format Version 12.00
# Visual Studio Version 16
VisualStudioVersion = 16.0.29509.3
MinimumVisualStudioVersion = 15.0.26124.0
Project("{2150E333-8FDC-42A3-9474-1A3956D46DE8}") = "src", "src", "{3C613232-D561-4807-90F5-F735434A1C5A}"
EndProject
Project("{9A19103F-16F7-4668-BE54-9A1E7A4F7556}") = "CVPZ", "src\CVPZ\CVPZ.csproj", "{1F07E1F5-157D-44BF-878D-C66240A9DDFB}"
EndProject
Project("{9A19103F-16F7-4668-BE54-9A1E7A4F7556}") = "CVPZ.Infrastructure", "src\CVPZ.Infrastructure\CVPZ.Infrastructure.csproj", "{F58E63E7-EE85-4F63-8125-AE3024DCB38B}"
EndProject
Project("{9A19103F-16F7-4668-BE54-9A1E7A4F7556}") = "CVPZ.Core", "src\CVPZ.Core\CVPZ.Core.csproj", "{134E09A2-3F18-4711-B712-A1C2670DD4FF}"
EndProject
Project("{9A19103F-16F7-4668-BE54-9A1E7A4F7556}") = "CVPZ.Application", "src\CVPZ.Application\CVPZ.Application.csproj", "{4E7645CB-10F6-44D9-B615-5E824D9ACE61}"
EndProject
Project("{2150E333-8FDC-42A3-9474-1A3956D46DE8}") = "Solution Items", "Solution Items", "{03D3EBF9-709E-4810-8E29-0E9742F5A283}"
	ProjectSection(SolutionItems) = preProject
		.gitignore = .gitignore
		README.md = README.md
	EndProjectSection
EndProject
Project("{FAE04EC0-301F-11D3-BF4B-00C04F79EFBC}") = "CVPZ.DbMigrations", "src\CVPZ.DbMigrations\CVPZ.DbMigrations.csproj", "{FA1D0D71-E13E-450A-A819-BB4F8334D2FB}"
EndProject
Project("{FAE04EC0-301F-11D3-BF4B-00C04F79EFBC}") = "CVPZ.Domain", "src\CVPZ.Domain\CVPZ.Domain.csproj", "{19A0F780-899B-44E7-8503-EBD4E6B8ED5B}"
EndProject
Global
	GlobalSection(SolutionConfigurationPlatforms) = preSolution
		Debug|Any CPU = Debug|Any CPU
		Debug|x64 = Debug|x64
		Debug|x86 = Debug|x86
		Release|Any CPU = Release|Any CPU
		Release|x64 = Release|x64
		Release|x86 = Release|x86
	EndGlobalSection
	GlobalSection(ProjectConfigurationPlatforms) = postSolution
		{1F07E1F5-157D-44BF-878D-C66240A9DDFB}.Debug|Any CPU.ActiveCfg = Debug|Any CPU
		{1F07E1F5-157D-44BF-878D-C66240A9DDFB}.Debug|Any CPU.Build.0 = Debug|Any CPU
		{1F07E1F5-157D-44BF-878D-C66240A9DDFB}.Debug|x64.ActiveCfg = Debug|Any CPU
		{1F07E1F5-157D-44BF-878D-C66240A9DDFB}.Debug|x64.Build.0 = Debug|Any CPU
		{1F07E1F5-157D-44BF-878D-C66240A9DDFB}.Debug|x86.ActiveCfg = Debug|Any CPU
		{1F07E1F5-157D-44BF-878D-C66240A9DDFB}.Debug|x86.Build.0 = Debug|Any CPU
		{1F07E1F5-157D-44BF-878D-C66240A9DDFB}.Release|Any CPU.ActiveCfg = Release|Any CPU
		{1F07E1F5-157D-44BF-878D-C66240A9DDFB}.Release|Any CPU.Build.0 = Release|Any CPU
		{1F07E1F5-157D-44BF-878D-C66240A9DDFB}.Release|x64.ActiveCfg = Release|Any CPU
		{1F07E1F5-157D-44BF-878D-C66240A9DDFB}.Release|x64.Build.0 = Release|Any CPU
		{1F07E1F5-157D-44BF-878D-C66240A9DDFB}.Release|x86.ActiveCfg = Release|Any CPU
		{1F07E1F5-157D-44BF-878D-C66240A9DDFB}.Release|x86.Build.0 = Release|Any CPU
		{F58E63E7-EE85-4F63-8125-AE3024DCB38B}.Debug|Any CPU.ActiveCfg = Debug|Any CPU
		{F58E63E7-EE85-4F63-8125-AE3024DCB38B}.Debug|Any CPU.Build.0 = Debug|Any CPU
		{F58E63E7-EE85-4F63-8125-AE3024DCB38B}.Debug|x64.ActiveCfg = Debug|Any CPU
		{F58E63E7-EE85-4F63-8125-AE3024DCB38B}.Debug|x64.Build.0 = Debug|Any CPU
		{F58E63E7-EE85-4F63-8125-AE3024DCB38B}.Debug|x86.ActiveCfg = Debug|Any CPU
		{F58E63E7-EE85-4F63-8125-AE3024DCB38B}.Debug|x86.Build.0 = Debug|Any CPU
		{F58E63E7-EE85-4F63-8125-AE3024DCB38B}.Release|Any CPU.ActiveCfg = Release|Any CPU
		{F58E63E7-EE85-4F63-8125-AE3024DCB38B}.Release|Any CPU.Build.0 = Release|Any CPU
		{F58E63E7-EE85-4F63-8125-AE3024DCB38B}.Release|x64.ActiveCfg = Release|Any CPU
		{F58E63E7-EE85-4F63-8125-AE3024DCB38B}.Release|x64.Build.0 = Release|Any CPU
		{F58E63E7-EE85-4F63-8125-AE3024DCB38B}.Release|x86.ActiveCfg = Release|Any CPU
		{F58E63E7-EE85-4F63-8125-AE3024DCB38B}.Release|x86.Build.0 = Release|Any CPU
		{134E09A2-3F18-4711-B712-A1C2670DD4FF}.Debug|Any CPU.ActiveCfg = Debug|Any CPU
		{134E09A2-3F18-4711-B712-A1C2670DD4FF}.Debug|Any CPU.Build.0 = Debug|Any CPU
		{134E09A2-3F18-4711-B712-A1C2670DD4FF}.Debug|x64.ActiveCfg = Debug|Any CPU
		{134E09A2-3F18-4711-B712-A1C2670DD4FF}.Debug|x64.Build.0 = Debug|Any CPU
		{134E09A2-3F18-4711-B712-A1C2670DD4FF}.Debug|x86.ActiveCfg = Debug|Any CPU
		{134E09A2-3F18-4711-B712-A1C2670DD4FF}.Debug|x86.Build.0 = Debug|Any CPU
		{134E09A2-3F18-4711-B712-A1C2670DD4FF}.Release|Any CPU.ActiveCfg = Release|Any CPU
		{134E09A2-3F18-4711-B712-A1C2670DD4FF}.Release|Any CPU.Build.0 = Release|Any CPU
		{134E09A2-3F18-4711-B712-A1C2670DD4FF}.Release|x64.ActiveCfg = Release|Any CPU
		{134E09A2-3F18-4711-B712-A1C2670DD4FF}.Release|x64.Build.0 = Release|Any CPU
		{134E09A2-3F18-4711-B712-A1C2670DD4FF}.Release|x86.ActiveCfg = Release|Any CPU
		{134E09A2-3F18-4711-B712-A1C2670DD4FF}.Release|x86.Build.0 = Release|Any CPU
		{4E7645CB-10F6-44D9-B615-5E824D9ACE61}.Debug|Any CPU.ActiveCfg = Debug|Any CPU
		{4E7645CB-10F6-44D9-B615-5E824D9ACE61}.Debug|Any CPU.Build.0 = Debug|Any CPU
		{4E7645CB-10F6-44D9-B615-5E824D9ACE61}.Debug|x64.ActiveCfg = Debug|Any CPU
		{4E7645CB-10F6-44D9-B615-5E824D9ACE61}.Debug|x64.Build.0 = Debug|Any CPU
		{4E7645CB-10F6-44D9-B615-5E824D9ACE61}.Debug|x86.ActiveCfg = Debug|Any CPU
		{4E7645CB-10F6-44D9-B615-5E824D9ACE61}.Debug|x86.Build.0 = Debug|Any CPU
		{4E7645CB-10F6-44D9-B615-5E824D9ACE61}.Release|Any CPU.ActiveCfg = Release|Any CPU
		{4E7645CB-10F6-44D9-B615-5E824D9ACE61}.Release|Any CPU.Build.0 = Release|Any CPU
		{4E7645CB-10F6-44D9-B615-5E824D9ACE61}.Release|x64.ActiveCfg = Release|Any CPU
		{4E7645CB-10F6-44D9-B615-5E824D9ACE61}.Release|x64.Build.0 = Release|Any CPU
		{4E7645CB-10F6-44D9-B615-5E824D9ACE61}.Release|x86.ActiveCfg = Release|Any CPU
		{4E7645CB-10F6-44D9-B615-5E824D9ACE61}.Release|x86.Build.0 = Release|Any CPU
		{FA1D0D71-E13E-450A-A819-BB4F8334D2FB}.Debug|Any CPU.ActiveCfg = Debug|Any CPU
		{FA1D0D71-E13E-450A-A819-BB4F8334D2FB}.Debug|Any CPU.Build.0 = Debug|Any CPU
		{FA1D0D71-E13E-450A-A819-BB4F8334D2FB}.Debug|x64.ActiveCfg = Debug|Any CPU
		{FA1D0D71-E13E-450A-A819-BB4F8334D2FB}.Debug|x64.Build.0 = Debug|Any CPU
		{FA1D0D71-E13E-450A-A819-BB4F8334D2FB}.Debug|x86.ActiveCfg = Debug|Any CPU
		{FA1D0D71-E13E-450A-A819-BB4F8334D2FB}.Debug|x86.Build.0 = Debug|Any CPU
		{FA1D0D71-E13E-450A-A819-BB4F8334D2FB}.Release|Any CPU.ActiveCfg = Release|Any CPU
		{FA1D0D71-E13E-450A-A819-BB4F8334D2FB}.Release|Any CPU.Build.0 = Release|Any CPU
		{FA1D0D71-E13E-450A-A819-BB4F8334D2FB}.Release|x64.ActiveCfg = Release|Any CPU
		{FA1D0D71-E13E-450A-A819-BB4F8334D2FB}.Release|x64.Build.0 = Release|Any CPU
		{FA1D0D71-E13E-450A-A819-BB4F8334D2FB}.Release|x86.ActiveCfg = Release|Any CPU
		{FA1D0D71-E13E-450A-A819-BB4F8334D2FB}.Release|x86.Build.0 = Release|Any CPU
		{19A0F780-899B-44E7-8503-EBD4E6B8ED5B}.Debug|Any CPU.ActiveCfg = Debug|Any CPU
		{19A0F780-899B-44E7-8503-EBD4E6B8ED5B}.Debug|Any CPU.Build.0 = Debug|Any CPU
		{19A0F780-899B-44E7-8503-EBD4E6B8ED5B}.Debug|x64.ActiveCfg = Debug|Any CPU
		{19A0F780-899B-44E7-8503-EBD4E6B8ED5B}.Debug|x64.Build.0 = Debug|Any CPU
		{19A0F780-899B-44E7-8503-EBD4E6B8ED5B}.Debug|x86.ActiveCfg = Debug|Any CPU
		{19A0F780-899B-44E7-8503-EBD4E6B8ED5B}.Debug|x86.Build.0 = Debug|Any CPU
		{19A0F780-899B-44E7-8503-EBD4E6B8ED5B}.Release|Any CPU.ActiveCfg = Release|Any CPU
		{19A0F780-899B-44E7-8503-EBD4E6B8ED5B}.Release|Any CPU.Build.0 = Release|Any CPU
		{19A0F780-899B-44E7-8503-EBD4E6B8ED5B}.Release|x64.ActiveCfg = Release|Any CPU
		{19A0F780-899B-44E7-8503-EBD4E6B8ED5B}.Release|x64.Build.0 = Release|Any CPU
		{19A0F780-899B-44E7-8503-EBD4E6B8ED5B}.Release|x86.ActiveCfg = Release|Any CPU
		{19A0F780-899B-44E7-8503-EBD4E6B8ED5B}.Release|x86.Build.0 = Release|Any CPU
	EndGlobalSection
	GlobalSection(SolutionProperties) = preSolution
		HideSolutionNode = FALSE
	EndGlobalSection
	GlobalSection(NestedProjects) = preSolution
		{1F07E1F5-157D-44BF-878D-C66240A9DDFB} = {3C613232-D561-4807-90F5-F735434A1C5A}
		{F58E63E7-EE85-4F63-8125-AE3024DCB38B} = {3C613232-D561-4807-90F5-F735434A1C5A}
		{134E09A2-3F18-4711-B712-A1C2670DD4FF} = {3C613232-D561-4807-90F5-F735434A1C5A}
		{4E7645CB-10F6-44D9-B615-5E824D9ACE61} = {3C613232-D561-4807-90F5-F735434A1C5A}
		{FA1D0D71-E13E-450A-A819-BB4F8334D2FB} = {3C613232-D561-4807-90F5-F735434A1C5A}
		{19A0F780-899B-44E7-8503-EBD4E6B8ED5B} = {3C613232-D561-4807-90F5-F735434A1C5A}
	EndGlobalSection
	GlobalSection(ExtensibilityGlobals) = postSolution
		SolutionGuid = {FFCEE30E-6B54-4BCD-B687-00173A0211D5}
	EndGlobalSection
EndGlobal
